
Microsoft Visual Studio Solution File, Format Version 12.00
# Visual Studio Version 16
VisualStudioVersion = 16.0.30711.63
MinimumVisualStudioVersion = 10.0.40219.1
Project("{FAE04EC0-301F-11D3-BF4B-00C04F79EFBC}") = "LibraryADONET", "LibraryADONET.csproj", "{4B970302-BAD3-43AC-8728-5D4B5606BDAC}"
EndProject
Project("{FAE04EC0-301F-11D3-BF4B-00C04F79EFBC}") = "ConsoleApp27", "..\ConsoleApp27\ConsoleApp27.csproj", "{DC2A3ED8-3E47-48ED-B176-1878EC3A7163}"
EndProject
Global
	GlobalSection(SolutionConfigurationPlatforms) = preSolution
		Debug|Any CPU = Debug|Any CPU
		Release|Any CPU = Release|Any CPU
	EndGlobalSection
	GlobalSection(ProjectConfigurationPlatforms) = postSolution
		{4B970302-BAD3-43AC-8728-5D4B5606BDAC}.Debug|Any CPU.ActiveCfg = Debug|Any CPU
		{4B970302-BAD3-43AC-8728-5D4B5606BDAC}.Debug|Any CPU.Build.0 = Debug|Any CPU
		{4B970302-BAD3-43AC-8728-5D4B5606BDAC}.Release|Any CPU.ActiveCfg = Release|Any CPU
		{4B970302-BAD3-43AC-8728-5D4B5606BDAC}.Release|Any CPU.Build.0 = Release|Any CPU
		{DC2A3ED8-3E47-48ED-B176-1878EC3A7163}.Debug|Any CPU.ActiveCfg = Debug|Any CPU
		{DC2A3ED8-3E47-48ED-B176-1878EC3A7163}.Debug|Any CPU.Build.0 = Debug|Any CPU
		{DC2A3ED8-3E47-48ED-B176-1878EC3A7163}.Release|Any CPU.ActiveCfg = Release|Any CPU
		{DC2A3ED8-3E47-48ED-B176-1878EC3A7163}.Release|Any CPU.Build.0 = Release|Any CPU
	EndGlobalSection
	GlobalSection(SolutionProperties) = preSolution
		HideSolutionNode = FALSE
	EndGlobalSection
	GlobalSection(ExtensibilityGlobals) = postSolution
		SolutionGuid = {49731B67-7339-4D47-AD62-38F46318F52A}
	EndGlobalSection
EndGlobal
